<Solution>
  <Folder Name="/src/">
    <Project Path="src/Colossus.Domain/Colossus.Domain.csproj" />
    <Project Path="src/Colossus.Application/Colossus.Application.csproj" />
    <Project Path="src/Colossus.Infrastructure/Colossus.Infrastructure.csproj" />
    <Project Path="src/Colossus.Bake/Colossus.Bake.csproj" />
    <Project Path="src/Colossus.Server/Colossus.Server.csproj" />
  </Folder>
</Solution>
